
Microsoft Visual Studio Solution File, Format Version 12.00
# Visual Studio Version 16
VisualStudioVersion = 16.0.30804.86
MinimumVisualStudioVersion = 10.0.40219.1
Project("{FAE04EC0-301F-11D3-BF4B-00C04F79EFBC}") = "ClassMetotDemo", "ClassMetotDemo\ClassMetotDemo.csproj", "{A9537693-EEC9-467A-B053-23CEF3299293}"
EndProject
Global
	GlobalSection(SolutionConfigurationPlatforms) = preSolution
		Debug|Any CPU = Debug|Any CPU
		Release|Any CPU = Release|Any CPU
	EndGlobalSection
	GlobalSection(ProjectConfigurationPlatforms) = postSolution
		{A9537693-EEC9-467A-B053-23CEF3299293}.Debug|Any CPU.ActiveCfg = Debug|Any CPU
		{A9537693-EEC9-467A-B053-23CEF3299293}.Debug|Any CPU.Build.0 = Debug|Any CPU
		{A9537693-EEC9-467A-B053-23CEF3299293}.Release|Any CPU.ActiveCfg = Release|Any CPU
		{A9537693-EEC9-467A-B053-23CEF3299293}.Release|Any CPU.Build.0 = Release|Any CPU
	EndGlobalSection
	GlobalSection(SolutionProperties) = preSolution
		HideSolutionNode = FALSE
	EndGlobalSection
	GlobalSection(ExtensibilityGlobals) = postSolution
		SolutionGuid = {5B6B043D-2100-49A3-A069-1603341C976E}
	EndGlobalSection
EndGlobal
